// !$*UTF8*$!
{
	archiveVersion = 1;
	classes = {
	};
	objectVersion = 56;
	objects = {

/* Begin PBXBuildFile section */
		77373AF92C18DB2800719E42 /* ThemeView.swift in Sources */ = {isa = PBXBuildFile; fileRef = 77373AF82C18DB2800719E42 /* ThemeView.swift */; };
		77373AFB2C18E2AB00719E42 /* ThemePicker.swift in Sources */ = {isa = PBXBuildFile; fileRef = 77373AFA2C18E2AB00719E42 /* ThemePicker.swift */; };
		7752DB472BFD66A1003DC943 /* ScrumdingerApp.swift in Sources */ = {isa = PBXBuildFile; fileRef = 7752DB462BFD66A1003DC943 /* ScrumdingerApp.swift */; };
		7752DB492BFD66A1003DC943 /* MeetingView.swift in Sources */ = {isa = PBXBuildFile; fileRef = 7752DB482BFD66A1003DC943 /* MeetingView.swift */; };
		7752DB4B2BFD66A3003DC943 /* Assets.xcassets in Resources */ = {isa = PBXBuildFile; fileRef = 7752DB4A2BFD66A3003DC943 /* Assets.xcassets */; };
		7752DB4E2BFD66A3003DC943 /* Preview Assets.xcassets in Resources */ = {isa = PBXBuildFile; fileRef = 7752DB4D2BFD66A3003DC943 /* Preview Assets.xcassets */; };
		7775ED852C00489D008A1DE4 /* Theme.swift in Sources */ = {isa = PBXBuildFile; fileRef = 7775ED842C00489D008A1DE4 /* Theme.swift */; };
		7775ED872C006897008A1DE4 /* DailyScrum.swift in Sources */ = {isa = PBXBuildFile; fileRef = 7775ED862C006897008A1DE4 /* DailyScrum.swift */; };
		7775ED892C006922008A1DE4 /* CardView.swift in Sources */ = {isa = PBXBuildFile; fileRef = 7775ED882C006922008A1DE4 /* CardView.swift */; };
		7775ED8B2C007A77008A1DE4 /* TrailingIconLabelStyle.swift in Sources */ = {isa = PBXBuildFile; fileRef = 7775ED8A2C007A77008A1DE4 /* TrailingIconLabelStyle.swift */; };
		7775ED8D2C01C13C008A1DE4 /* ScrumsView.swift in Sources */ = {isa = PBXBuildFile; fileRef = 7775ED8C2C01C13C008A1DE4 /* ScrumsView.swift */; };
		778382FB2C031540003126A0 /* DetailView.swift in Sources */ = {isa = PBXBuildFile; fileRef = 778382FA2C031540003126A0 /* DetailView.swift */; };
		77B59A7F2C06F590000EDDEF /* DetailEditView.swift in Sources */ = {isa = PBXBuildFile; fileRef = 77B59A7E2C06F590000EDDEF /* DetailEditView.swift */; };
		77F243142C7962A2004E80BD /* MeetingHeaderView.swift in Sources */ = {isa = PBXBuildFile; fileRef = 77F243132C7962A2004E80BD /* MeetingHeaderView.swift */; };
		77F243162C796592004E80BD /* ScrumProgressViewStyle.swift in Sources */ = {isa = PBXBuildFile; fileRef = 77F243152C796592004E80BD /* ScrumProgressViewStyle.swift */; };
		77F243182C79669A004E80BD /* ScrumTimer.swift in Sources */ = {isa = PBXBuildFile; fileRef = 77F243172C79669A004E80BD /* ScrumTimer.swift */; };
		77F2431A2C79FBF8004E80BD /* MeetingFooterView.swift in Sources */ = {isa = PBXBuildFile; fileRef = 77F243192C79FBF8004E80BD /* MeetingFooterView.swift */; };
		77F2431C2C7A24D1004E80BD /* AVPlayerDing.swift in Sources */ = {isa = PBXBuildFile; fileRef = 77F2431B2C7A24D1004E80BD /* AVPlayerDing.swift */; };
		77F2431F2C7A25C0004E80BD /* ding.wav in Resources */ = {isa = PBXBuildFile; fileRef = 77F2431E2C7A25C0004E80BD /* ding.wav */; };
/* End PBXBuildFile section */

/* Begin PBXFileReference section */
		77373AF82C18DB2800719E42 /* ThemeView.swift */ = {isa = PBXFileReference; lastKnownFileType = sourcecode.swift; path = ThemeView.swift; sourceTree = "<group>"; };
		77373AFA2C18E2AB00719E42 /* ThemePicker.swift */ = {isa = PBXFileReference; lastKnownFileType = sourcecode.swift; path = ThemePicker.swift; sourceTree = "<group>"; };
		7752DB432BFD66A1003DC943 /* Scrumdinger.app */ = {isa = PBXFileReference; explicitFileType = wrapper.application; includeInIndex = 0; path = Scrumdinger.app; sourceTree = BUILT_PRODUCTS_DIR; };
		7752DB462BFD66A1003DC943 /* ScrumdingerApp.swift */ = {isa = PBXFileReference; lastKnownFileType = sourcecode.swift; path = ScrumdingerApp.swift; sourceTree = "<group>"; };
		7752DB482BFD66A1003DC943 /* MeetingView.swift */ = {isa = PBXFileReference; lastKnownFileType = sourcecode.swift; path = MeetingView.swift; sourceTree = "<group>"; };
		7752DB4A2BFD66A3003DC943 /* Assets.xcassets */ = {isa = PBXFileReference; lastKnownFileType = folder.assetcatalog; path = Assets.xcassets; sourceTree = "<group>"; };
		7752DB4D2BFD66A3003DC943 /* Preview Assets.xcassets */ = {isa = PBXFileReference; lastKnownFileType = folder.assetcatalog; path = "Preview Assets.xcassets"; sourceTree = "<group>"; };
		7775ED842C00489D008A1DE4 /* Theme.swift */ = {isa = PBXFileReference; lastKnownFileType = sourcecode.swift; path = Theme.swift; sourceTree = "<group>"; };
		7775ED862C006897008A1DE4 /* DailyScrum.swift */ = {isa = PBXFileReference; lastKnownFileType = sourcecode.swift; path = DailyScrum.swift; sourceTree = "<group>"; };
		7775ED882C006922008A1DE4 /* CardView.swift */ = {isa = PBXFileReference; lastKnownFileType = sourcecode.swift; path = CardView.swift; sourceTree = "<group>"; };
		7775ED8A2C007A77008A1DE4 /* TrailingIconLabelStyle.swift */ = {isa = PBXFileReference; lastKnownFileType = sourcecode.swift; path = TrailingIconLabelStyle.swift; sourceTree = "<group>"; };
		7775ED8C2C01C13C008A1DE4 /* ScrumsView.swift */ = {isa = PBXFileReference; lastKnownFileType = sourcecode.swift; path = ScrumsView.swift; sourceTree = "<group>"; };
		778382FA2C031540003126A0 /* DetailView.swift */ = {isa = PBXFileReference; lastKnownFileType = sourcecode.swift; path = DetailView.swift; sourceTree = "<group>"; };
		77B59A7E2C06F590000EDDEF /* DetailEditView.swift */ = {isa = PBXFileReference; lastKnownFileType = sourcecode.swift; path = DetailEditView.swift; sourceTree = "<group>"; };
		77F243132C7962A2004E80BD /* MeetingHeaderView.swift */ = {isa = PBXFileReference; lastKnownFileType = sourcecode.swift; path = MeetingHeaderView.swift; sourceTree = "<group>"; };
		77F243152C796592004E80BD /* ScrumProgressViewStyle.swift */ = {isa = PBXFileReference; lastKnownFileType = sourcecode.swift; path = ScrumProgressViewStyle.swift; sourceTree = "<group>"; };
		77F243172C79669A004E80BD /* ScrumTimer.swift */ = {isa = PBXFileReference; lastKnownFileType = sourcecode.swift; path = ScrumTimer.swift; sourceTree = "<group>"; };
		77F243192C79FBF8004E80BD /* MeetingFooterView.swift */ = {isa = PBXFileReference; lastKnownFileType = sourcecode.swift; path = MeetingFooterView.swift; sourceTree = "<group>"; };
		77F2431B2C7A24D1004E80BD /* AVPlayerDing.swift */ = {isa = PBXFileReference; lastKnownFileType = sourcecode.swift; path = AVPlayerDing.swift; sourceTree = "<group>"; };
		77F2431E2C7A25C0004E80BD /* ding.wav */ = {isa = PBXFileReference; lastKnownFileType = audio.wav; path = ding.wav; sourceTree = "<group>"; };
/* End PBXFileReference section */

/* Begin PBXFrameworksBuildPhase section */
		7752DB402BFD66A1003DC943 /* Frameworks */ = {
			isa = PBXFrameworksBuildPhase;
			buildActionMask = 2147483647;
			files = (
			);
			runOnlyForDeploymentPostprocessing = 0;
		};
/* End PBXFrameworksBuildPhase section */

/* Begin PBXGroup section */
		7752DB3A2BFD66A1003DC943 = {
			isa = PBXGroup;
			children = (
				7752DB452BFD66A1003DC943 /* Scrumdinger */,
				7752DB442BFD66A1003DC943 /* Products */,
			);
			sourceTree = "<group>";
		};
		7752DB442BFD66A1003DC943 /* Products */ = {
			isa = PBXGroup;
			children = (
				7752DB432BFD66A1003DC943 /* Scrumdinger.app */,
			);
			name = Products;
			sourceTree = "<group>";
		};
		7752DB452BFD66A1003DC943 /* Scrumdinger */ = {
			isa = PBXGroup;
			children = (
				77F2431D2C7A258C004E80BD /* Resources */,
				7775ED832C004873008A1DE4 /* Models */,
				7752DB462BFD66A1003DC943 /* ScrumdingerApp.swift */,
				7752DB482BFD66A1003DC943 /* MeetingView.swift */,
				7752DB4A2BFD66A3003DC943 /* Assets.xcassets */,
				7752DB4C2BFD66A3003DC943 /* Preview Content */,
				7775ED882C006922008A1DE4 /* CardView.swift */,
				7775ED8A2C007A77008A1DE4 /* TrailingIconLabelStyle.swift */,
				7775ED8C2C01C13C008A1DE4 /* ScrumsView.swift */,
				77373AF82C18DB2800719E42 /* ThemeView.swift */,
				778382FA2C031540003126A0 /* DetailView.swift */,
				77B59A7E2C06F590000EDDEF /* DetailEditView.swift */,
				77373AFA2C18E2AB00719E42 /* ThemePicker.swift */,
				77F243132C7962A2004E80BD /* MeetingHeaderView.swift */,
				77F243152C796592004E80BD /* ScrumProgressViewStyle.swift */,
				77F243192C79FBF8004E80BD /* MeetingFooterView.swift */,
			);
			path = Scrumdinger;
			sourceTree = "<group>";
		};
		7752DB4C2BFD66A3003DC943 /* Preview Content */ = {
			isa = PBXGroup;
			children = (
				7752DB4D2BFD66A3003DC943 /* Preview Assets.xcassets */,
			);
			path = "Preview Content";
			sourceTree = "<group>";
		};
		7775ED832C004873008A1DE4 /* Models */ = {
			isa = PBXGroup;
			children = (
				7775ED842C00489D008A1DE4 /* Theme.swift */,
				7775ED862C006897008A1DE4 /* DailyScrum.swift */,
				77F243172C79669A004E80BD /* ScrumTimer.swift */,
				77F2431B2C7A24D1004E80BD /* AVPlayerDing.swift */,
			);
			path = Models;
			sourceTree = "<group>";
		};
		77F2431D2C7A258C004E80BD /* Resources */ = {
			isa = PBXGroup;
			children = (
				77F2431E2C7A25C0004E80BD /* ding.wav */,
			);
			path = Resources;
			sourceTree = "<group>";
		};
/* End PBXGroup section */

/* Begin PBXNativeTarget section */
		7752DB422BFD66A1003DC943 /* Scrumdinger */ = {
			isa = PBXNativeTarget;
			buildConfigurationList = 7752DB512BFD66A3003DC943 /* Build configuration list for PBXNativeTarget "Scrumdinger" */;
			buildPhases = (
				7752DB3F2BFD66A1003DC943 /* Sources */,
				7752DB402BFD66A1003DC943 /* Frameworks */,
				7752DB412BFD66A1003DC943 /* Resources */,
			);
			buildRules = (
			);
			dependencies = (
			);
			name = Scrumdinger;
			productName = Scrumdinger;
			productReference = 7752DB432BFD66A1003DC943 /* Scrumdinger.app */;
			productType = "com.apple.product-type.application";
		};
/* End PBXNativeTarget section */

/* Begin PBXProject section */
		7752DB3B2BFD66A1003DC943 /* Project object */ = {
			isa = PBXProject;
			attributes = {
				BuildIndependentTargetsInParallel = 1;
				LastSwiftUpdateCheck = 1540;
				LastUpgradeCheck = 1540;
				TargetAttributes = {
					7752DB422BFD66A1003DC943 = {
						CreatedOnToolsVersion = 15.4;
					};
				};
			};
			buildConfigurationList = 7752DB3E2BFD66A1003DC943 /* Build configuration list for PBXProject "Scrumdinger" */;
			compatibilityVersion = "Xcode 14.0";
			developmentRegion = en;
			hasScannedForEncodings = 0;
			knownRegions = (
				en,
				Base,
			);
			mainGroup = 7752DB3A2BFD66A1003DC943;
			productRefGroup = 7752DB442BFD66A1003DC943 /* Products */;
			projectDirPath = "";
			projectRoot = "";
			targets = (
				7752DB422BFD66A1003DC943 /* Scrumdinger */,
			);
		};
/* End PBXProject section */

/* Begin PBXResourcesBuildPhase section */
		7752DB412BFD66A1003DC943 /* Resources */ = {
			isa = PBXResourcesBuildPhase;
			buildActionMask = 2147483647;
			files = (
				77F2431F2C7A25C0004E80BD /* ding.wav in Resources */,
				7752DB4E2BFD66A3003DC943 /* Preview Assets.xcassets in Resources */,
				7752DB4B2BFD66A3003DC943 /* Assets.xcassets in Resources */,
			);
			runOnlyForDeploymentPostprocessing = 0;
		};
/* End PBXResourcesBuildPhase section */

/* Begin PBXSourcesBuildPhase section */
		7752DB3F2BFD66A1003DC943 /* Sources */ = {
			isa = PBXSourcesBuildPhase;
			buildActionMask = 2147483647;
			files = (
				77373AFB2C18E2AB00719E42 /* ThemePicker.swift in Sources */,
				77F243162C796592004E80BD /* ScrumProgressViewStyle.swift in Sources */,
				77F2431A2C79FBF8004E80BD /* MeetingFooterView.swift in Sources */,
				77F2431C2C7A24D1004E80BD /* AVPlayerDing.swift in Sources */,
				77F243182C79669A004E80BD /* ScrumTimer.swift in Sources */,
				7775ED872C006897008A1DE4 /* DailyScrum.swift in Sources */,
				778382FB2C031540003126A0 /* DetailView.swift in Sources */,
				77F243142C7962A2004E80BD /* MeetingHeaderView.swift in Sources */,
				77B59A7F2C06F590000EDDEF /* DetailEditView.swift in Sources */,
				7775ED8B2C007A77008A1DE4 /* TrailingIconLabelStyle.swift in Sources */,
				7775ED852C00489D008A1DE4 /* Theme.swift in Sources */,
				7775ED8D2C01C13C008A1DE4 /* ScrumsView.swift in Sources */,
				7752DB492BFD66A1003DC943 /* MeetingView.swift in Sources */,
				7752DB472BFD66A1003DC943 /* ScrumdingerApp.swift in Sources */,
				77373AF92C18DB2800719E42 /* ThemeView.swift in Sources */,
				7775ED892C006922008A1DE4 /* CardView.swift in Sources */,
			);
			runOnlyForDeploymentPostprocessing = 0;
		};
/* End PBXSourcesBuildPhase section */

/* Begin XCBuildConfiguration section */
		7752DB4F2BFD66A3003DC943 /* Debug */ = {
			isa = XCBuildConfiguration;
			buildSettings = {
				ALWAYS_SEARCH_USER_PATHS = NO;
				ASSETCATALOG_COMPILER_GENERATE_SWIFT_ASSET_SYMBOL_EXTENSIONS = YES;
				CLANG_ANALYZER_NONNULL = YES;
				CLANG_ANALYZER_NUMBER_OBJECT_CONVERSION = YES_AGGRESSIVE;
				CLANG_CXX_LANGUAGE_STANDARD = "gnu++20";
				CLANG_ENABLE_MODULES = YES;
				CLANG_ENABLE_OBJC_ARC = YES;
				CLANG_ENABLE_OBJC_WEAK = YES;
				CLANG_WARN_BLOCK_CAPTURE_AUTORELEASING = YES;
				CLANG_WARN_BOOL_CONVERSION = YES;
				CLANG_WARN_COMMA = YES;
				CLANG_WARN_CONSTANT_CONVERSION = YES;
				CLANG_WARN_DEPRECATED_OBJC_IMPLEMENTATIONS = YES;
				CLANG_WARN_DIRECT_OBJC_ISA_USAGE = YES_ERROR;
				CLANG_WARN_DOCUMENTATION_COMMENTS = YES;
				CLANG_WARN_EMPTY_BODY = YES;
				CLANG_WARN_ENUM_CONVERSION = YES;
				CLANG_WARN_INFINITE_RECURSION = YES;
				CLANG_WARN_INT_CONVERSION = YES;
				CLANG_WARN_NON_LITERAL_NULL_CONVERSION = YES;
				CLANG_WARN_OBJC_IMPLICIT_RETAIN_SELF = YES;
				CLANG_WARN_OBJC_LITERAL_CONVERSION = YES;
				CLANG_WARN_OBJC_ROOT_CLASS = YES_ERROR;
				CLANG_WARN_QUOTED_INCLUDE_IN_FRAMEWORK_HEADER = YES;
				CLANG_WARN_RANGE_LOOP_ANALYSIS = YES;
				CLANG_WARN_STRICT_PROTOTYPES = YES;
				CLANG_WARN_SUSPICIOUS_MOVE = YES;
				CLANG_WARN_UNGUARDED_AVAILABILITY = YES_AGGRESSIVE;
				CLANG_WARN_UNREACHABLE_CODE = YES;
				CLANG_WARN__DUPLICATE_METHOD_MATCH = YES;
				COPY_PHASE_STRIP = NO;
				DEBUG_INFORMATION_FORMAT = dwarf;
				ENABLE_STRICT_OBJC_MSGSEND = YES;
				ENABLE_TESTABILITY = YES;
				ENABLE_USER_SCRIPT_SANDBOXING = YES;
				GCC_C_LANGUAGE_STANDARD = gnu17;
				GCC_DYNAMIC_NO_PIC = NO;
				GCC_NO_COMMON_BLOCKS = YES;
				GCC_OPTIMIZATION_LEVEL = 0;
				GCC_PREPROCESSOR_DEFINITIONS = (
					"DEBUG=1",
					"$(inherited)",
				);
				GCC_WARN_64_TO_32_BIT_CONVERSION = YES;
				GCC_WARN_ABOUT_RETURN_TYPE = YES_ERROR;
				GCC_WARN_UNDECLARED_SELECTOR = YES;
				GCC_WARN_UNINITIALIZED_AUTOS = YES_AGGRESSIVE;
				GCC_WARN_UNUSED_FUNCTION = YES;
				GCC_WARN_UNUSED_VARIABLE = YES;
				IPHONEOS_DEPLOYMENT_TARGET = 17.5;
				LOCALIZATION_PREFERS_STRING_CATALOGS = YES;
				MTL_ENABLE_DEBUG_INFO = INCLUDE_SOURCE;
				MTL_FAST_MATH = YES;
				ONLY_ACTIVE_ARCH = YES;
				SDKROOT = iphoneos;
				SWIFT_ACTIVE_COMPILATION_CONDITIONS = "DEBUG $(inherited)";
				SWIFT_OPTIMIZATION_LEVEL = "-Onone";
			};
			name = Debug;
		};
		7752DB502BFD66A3003DC943 /* Release */ = {
			isa = XCBuildConfiguration;
			buildSettings = {
				ALWAYS_SEARCH_USER_PATHS = NO;
				ASSETCATALOG_COMPILER_GENERATE_SWIFT_ASSET_SYMBOL_EXTENSIONS = YES;
				CLANG_ANALYZER_NONNULL = YES;
				CLANG_ANALYZER_NUMBER_OBJECT_CONVERSION = YES_AGGRESSIVE;
				CLANG_CXX_LANGUAGE_STANDARD = "gnu++20";
				CLANG_ENABLE_MODULES = YES;
				CLANG_ENABLE_OBJC_ARC = YES;
				CLANG_ENABLE_OBJC_WEAK = YES;
				CLANG_WARN_BLOCK_CAPTURE_AUTORELEASING = YES;
				CLANG_WARN_BOOL_CONVERSION = YES;
				CLANG_WARN_COMMA = YES;
				CLANG_WARN_CONSTANT_CONVERSION = YES;
				CLANG_WARN_DEPRECATED_OBJC_IMPLEMENTATIONS = YES;
				CLANG_WARN_DIRECT_OBJC_ISA_USAGE = YES_ERROR;
				CLANG_WARN_DOCUMENTATION_COMMENTS = YES;
				CLANG_WARN_EMPTY_BODY = YES;
				CLANG_WARN_ENUM_CONVERSION = YES;
				CLANG_WARN_INFINITE_RECURSION = YES;
				CLANG_WARN_INT_CONVERSION = YES;
				CLANG_WARN_NON_LITERAL_NULL_CONVERSION = YES;
				CLANG_WARN_OBJC_IMPLICIT_RETAIN_SELF = YES;
				CLANG_WARN_OBJC_LITERAL_CONVERSION = YES;
				CLANG_WARN_OBJC_ROOT_CLASS = YES_ERROR;
				CLANG_WARN_QUOTED_INCLUDE_IN_FRAMEWORK_HEADER = YES;
				CLANG_WARN_RANGE_LOOP_ANALYSIS = YES;
				CLANG_WARN_STRICT_PROTOTYPES = YES;
				CLANG_WARN_SUSPICIOUS_MOVE = YES;
				CLANG_WARN_UNGUARDED_AVAILABILITY = YES_AGGRESSIVE;
				CLANG_WARN_UNREACHABLE_CODE = YES;
				CLANG_WARN__DUPLICATE_METHOD_MATCH = YES;
				COPY_PHASE_STRIP = NO;
				DEBUG_INFORMATION_FORMAT = "dwarf-with-dsym";
				ENABLE_NS_ASSERTIONS = NO;
				ENABLE_STRICT_OBJC_MSGSEND = YES;
				ENABLE_USER_SCRIPT_SANDBOXING = YES;
				GCC_C_LANGUAGE_STANDARD = gnu17;
				GCC_NO_COMMON_BLOCKS = YES;
				GCC_WARN_64_TO_32_BIT_CONVERSION = YES;
				GCC_WARN_ABOUT_RETURN_TYPE = YES_ERROR;
				GCC_WARN_UNDECLARED_SELECTOR = YES;
				GCC_WARN_UNINITIALIZED_AUTOS = YES_AGGRESSIVE;
				GCC_WARN_UNUSED_FUNCTION = YES;
				GCC_WARN_UNUSED_VARIABLE = YES;
				IPHONEOS_DEPLOYMENT_TARGET = 17.5;
				LOCALIZATION_PREFERS_STRING_CATALOGS = YES;
				MTL_ENABLE_DEBUG_INFO = NO;
				MTL_FAST_MATH = YES;
				SDKROOT = iphoneos;
				SWIFT_COMPILATION_MODE = wholemodule;
				VALIDATE_PRODUCT = YES;
			};
			name = Release;
		};
		7752DB522BFD66A3003DC943 /* Debug */ = {
			isa = XCBuildConfiguration;
			buildSettings = {
				ASSETCATALOG_COMPILER_APPICON_NAME = AppIcon;
				ASSETCATALOG_COMPILER_GLOBAL_ACCENT_COLOR_NAME = AccentColor;
				CODE_SIGN_STYLE = Automatic;
				CURRENT_PROJECT_VERSION = 1;
				DEVELOPMENT_ASSET_PATHS = "\"Scrumdinger/Preview Content\"";
				DEVELOPMENT_TEAM = 6YP2Q5X4N7;
				ENABLE_PREVIEWS = YES;
				GENERATE_INFOPLIST_FILE = YES;
				INFOPLIST_KEY_UIApplicationSceneManifest_Generation = YES;
				INFOPLIST_KEY_UIApplicationSupportsIndirectInputEvents = YES;
				INFOPLIST_KEY_UILaunchScreen_Generation = YES;
				INFOPLIST_KEY_UISupportedInterfaceOrientations_iPad = "UIInterfaceOrientationPortrait UIInterfaceOrientationPortraitUpsideDown UIInterfaceOrientationLandscapeLeft UIInterfaceOrientationLandscapeRight";
				INFOPLIST_KEY_UISupportedInterfaceOrientations_iPhone = "UIInterfaceOrientationPortrait UIInterfaceOrientationLandscapeLeft UIInterfaceOrientationLandscapeRight";
				LD_RUNPATH_SEARCH_PATHS = (
					"$(inherited)",
					"@executable_path/Frameworks",
				);
				MARKETING_VERSION = 1.0;
				PRODUCT_BUNDLE_IDENTIFIER = EliudeVemba.Scrumdinger;
				PRODUCT_NAME = "$(TARGET_NAME)";
				SWIFT_EMIT_LOC_STRINGS = YES;
				SWIFT_VERSION = 5.0;
				TARGETED_DEVICE_FAMILY = "1,2";
			};
			name = Debug;
		};
		7752DB532BFD66A3003DC943 /* Release */ = {
			isa = XCBuildConfiguration;
			buildSettings = {
				ASSETCATALOG_COMPILER_APPICON_NAME = AppIcon;
				ASSETCATALOG_COMPILER_GLOBAL_ACCENT_COLOR_NAME = AccentColor;
				CODE_SIGN_STYLE = Automatic;
				CURRENT_PROJECT_VERSION = 1;
				DEVELOPMENT_ASSET_PATHS = "\"Scrumdinger/Preview Content\"";
				DEVELOPMENT_TEAM = 6YP2Q5X4N7;
				ENABLE_PREVIEWS = YES;
				GENERATE_INFOPLIST_FILE = YES;
				INFOPLIST_KEY_UIApplicationSceneManifest_Generation = YES;
				INFOPLIST_KEY_UIApplicationSupportsIndirectInputEvents = YES;
				INFOPLIST_KEY_UILaunchScreen_Generation = YES;
				INFOPLIST_KEY_UISupportedInterfaceOrientations_iPad = "UIInterfaceOrientationPortrait UIInterfaceOrientationPortraitUpsideDown UIInterfaceOrientationLandscapeLeft UIInterfaceOrientationLandscapeRight";
				INFOPLIST_KEY_UISupportedInterfaceOrientations_iPhone = "UIInterfaceOrientationPortrait UIInterfaceOrientationLandscapeLeft UIInterfaceOrientationLandscapeRight";
				LD_RUNPATH_SEARCH_PATHS = (
					"$(inherited)",
					"@executable_path/Frameworks",
				);
				MARKETING_VERSION = 1.0;
				PRODUCT_BUNDLE_IDENTIFIER = EliudeVemba.Scrumdinger;
				PRODUCT_NAME = "$(TARGET_NAME)";
				SWIFT_EMIT_LOC_STRINGS = YES;
				SWIFT_VERSION = 5.0;
				TARGETED_DEVICE_FAMILY = "1,2";
			};
			name = Release;
		};
/* End XCBuildConfiguration section */

/* Begin XCConfigurationList section */
		7752DB3E2BFD66A1003DC943 /* Build configuration list for PBXProject "Scrumdinger" */ = {
			isa = XCConfigurationList;
			buildConfigurations = (
				7752DB4F2BFD66A3003DC943 /* Debug */,
				7752DB502BFD66A3003DC943 /* Release */,
			);
			defaultConfigurationIsVisible = 0;
			defaultConfigurationName = Release;
		};
		7752DB512BFD66A3003DC943 /* Build configuration list for PBXNativeTarget "Scrumdinger" */ = {
			isa = XCConfigurationList;
			buildConfigurations = (
				7752DB522BFD66A3003DC943 /* Debug */,
				7752DB532BFD66A3003DC943 /* Release */,
			);
			defaultConfigurationIsVisible = 0;
			defaultConfigurationName = Release;
		};
/* End XCConfigurationList section */
	};
	rootObject = 7752DB3B2BFD66A1003DC943 /* Project object */;
}
